
Microsoft Visual Studio Solution File, Format Version 12.00
# Visual Studio 2012
Project("{8BC9CEB8-8B4A-11D0-8D11-00A0C91BC942}") = "Muscle_Model", "Muscle_Model\Muscle_Model.vcxproj", "{E914E82E-737A-4F25-BD67-36786B0F83CA}"
EndProject
Global
	GlobalSection(SolutionConfigurationPlatforms) = preSolution
		Debug|Win32 = Debug|Win32
		Release|Win32 = Release|Win32
	EndGlobalSection
	GlobalSection(ProjectConfigurationPlatforms) = postSolution
		{E914E82E-737A-4F25-BD67-36786B0F83CA}.Debug|Win32.ActiveCfg = Debug|Win32
		{E914E82E-737A-4F25-BD67-36786B0F83CA}.Debug|Win32.Build.0 = Debug|Win32
		{E914E82E-737A-4F25-BD67-36786B0F83CA}.Release|Win32.ActiveCfg = Release|Win32
		{E914E82E-737A-4F25-BD67-36786B0F83CA}.Release|Win32.Build.0 = Release|Win32
	EndGlobalSection
	GlobalSection(SolutionProperties) = preSolution
		HideSolutionNode = FALSE
	EndGlobalSection
EndGlobal
